%{
  "castore": {:hex, :castore, "0.1.1", "a8905530209152ddb74989fa2a5bd4fa3a2d3ff5d15ad12578caa7460d807c8b", [:mix], [], "hexpm"},
  "dialyxir": {:hex, :dialyxir, "0.5.1", "b331b091720fd93e878137add264bac4f644e1ddae07a70bf7062c7862c4b952", [:mix], [], "hexpm"},
  "mint": {:hex, :mint, "0.2.1", "a2ec8729fcad5c8b6460e07dfa64b008b3d9697a9f4604cd5684a87b44677c99", [:mix], [{:castore, "~> 0.1.0", [hex: :castore, repo: "hexpm", optional: true]}], "hexpm"},
  "ranch": {:hex, :ranch, "1.7.1", "6b1fab51b49196860b733a49c07604465a47bdb78aa10c1c16a3d199f7f8c881", [:rebar3], [], "hexpm"},
}
